
Microsoft Visual Studio Solution File, Format Version 12.00
# Visual Studio Version 17
VisualStudioVersion = 17.11.35208.52
MinimumVisualStudioVersion = 10.0.40219.1
Project("{FAE04EC0-301F-11D3-BF4B-00C04F79EFBC}") = "AppHighlandCoffee", "AppHighlandCoffee\AppHighlandCoffee.csproj", "{CFB30679-956C-4506-B5B3-786E3B72E763}"
EndProject
Global
	GlobalSection(SolutionConfigurationPlatforms) = preSolution
		Debug|Any CPU = Debug|Any CPU
		Release|Any CPU = Release|Any CPU
	EndGlobalSection
	GlobalSection(ProjectConfigurationPlatforms) = postSolution
		{CFB30679-956C-4506-B5B3-786E3B72E763}.Debug|Any CPU.ActiveCfg = Debug|Any CPU
		{CFB30679-956C-4506-B5B3-786E3B72E763}.Debug|Any CPU.Build.0 = Debug|Any CPU
		{CFB30679-956C-4506-B5B3-786E3B72E763}.Release|Any CPU.ActiveCfg = Release|Any CPU
		{CFB30679-956C-4506-B5B3-786E3B72E763}.Release|Any CPU.Build.0 = Release|Any CPU
	EndGlobalSection
	GlobalSection(SolutionProperties) = preSolution
		HideSolutionNode = FALSE
	EndGlobalSection
	GlobalSection(ExtensibilityGlobals) = postSolution
		SolutionGuid = {F4753205-7FFB-45C0-987C-962EB877DC3D}
	EndGlobalSection
EndGlobal
